
Microsoft Visual Studio Solution File, Format Version 12.00
# Visual Studio Version 16
VisualStudioVersion = 16.0.34301.259
MinimumVisualStudioVersion = 10.0.40219.1
Project("{FAE04EC0-301F-11D3-BF4B-00C04F79EFBC}") = "zadanie 20", "zadanie 20\zadanie 20.csproj", "{2B99009F-4D46-4367-B2DB-5205DE6F214F}"
EndProject
Global
	GlobalSection(SolutionConfigurationPlatforms) = preSolution
		Debug|Any CPU = Debug|Any CPU
		Release|Any CPU = Release|Any CPU
	EndGlobalSection
	GlobalSection(ProjectConfigurationPlatforms) = postSolution
		{2B99009F-4D46-4367-B2DB-5205DE6F214F}.Debug|Any CPU.ActiveCfg = Debug|Any CPU
		{2B99009F-4D46-4367-B2DB-5205DE6F214F}.Debug|Any CPU.Build.0 = Debug|Any CPU
		{2B99009F-4D46-4367-B2DB-5205DE6F214F}.Release|Any CPU.ActiveCfg = Release|Any CPU
		{2B99009F-4D46-4367-B2DB-5205DE6F214F}.Release|Any CPU.Build.0 = Release|Any CPU
	EndGlobalSection
	GlobalSection(SolutionProperties) = preSolution
		HideSolutionNode = FALSE
	EndGlobalSection
	GlobalSection(ExtensibilityGlobals) = postSolution
		SolutionGuid = {FAE8D3A1-6269-41F6-ABDB-F44E84F7E612}
	EndGlobalSection
EndGlobal
